
Microsoft Visual Studio Solution File, Format Version 12.00
# Visual Studio 15
VisualStudioVersion = 15.0.28307.421
MinimumVisualStudioVersion = 10.0.40219.1
Project("{FAE04EC0-301F-11D3-BF4B-00C04F79EFBC}") = "BacaBuku", "BacaBuku\BacaBuku.csproj", "{772A0375-B985-4AE7-BD37-1A8BB44B6744}"
EndProject
Global
	GlobalSection(SolutionConfigurationPlatforms) = preSolution
		Debug|Any CPU = Debug|Any CPU
		Release|Any CPU = Release|Any CPU
	EndGlobalSection
	GlobalSection(ProjectConfigurationPlatforms) = postSolution
		{772A0375-B985-4AE7-BD37-1A8BB44B6744}.Debug|Any CPU.ActiveCfg = Debug|Any CPU
		{772A0375-B985-4AE7-BD37-1A8BB44B6744}.Debug|Any CPU.Build.0 = Debug|Any CPU
		{772A0375-B985-4AE7-BD37-1A8BB44B6744}.Release|Any CPU.ActiveCfg = Release|Any CPU
		{772A0375-B985-4AE7-BD37-1A8BB44B6744}.Release|Any CPU.Build.0 = Release|Any CPU
	EndGlobalSection
	GlobalSection(SolutionProperties) = preSolution
		HideSolutionNode = FALSE
	EndGlobalSection
	GlobalSection(ExtensibilityGlobals) = postSolution
		SolutionGuid = {33AE7806-38D7-4794-91F5-4E94F33EE3AD}
	EndGlobalSection
EndGlobal
